
Microsoft Visual Studio Solution File, Format Version 12.00
# Visual Studio Version 16
VisualStudioVersion = 16.0.30104.148
MinimumVisualStudioVersion = 10.0.40219.1
Project("{FAE04EC0-301F-11D3-BF4B-00C04F79EFBC}") = "EmustationRomHelper", "EmustationRomHelper\EmustationRomHelper.csproj", "{09317061-3A67-40DC-B5FC-5BFA97ECAE0E}"
EndProject
Global
	GlobalSection(SolutionConfigurationPlatforms) = preSolution
		Debug|Any CPU = Debug|Any CPU
		Release|Any CPU = Release|Any CPU
	EndGlobalSection
	GlobalSection(ProjectConfigurationPlatforms) = postSolution
		{09317061-3A67-40DC-B5FC-5BFA97ECAE0E}.Debug|Any CPU.ActiveCfg = Debug|Any CPU
		{09317061-3A67-40DC-B5FC-5BFA97ECAE0E}.Debug|Any CPU.Build.0 = Debug|Any CPU
		{09317061-3A67-40DC-B5FC-5BFA97ECAE0E}.Release|Any CPU.ActiveCfg = Release|Any CPU
		{09317061-3A67-40DC-B5FC-5BFA97ECAE0E}.Release|Any CPU.Build.0 = Release|Any CPU
	EndGlobalSection
	GlobalSection(SolutionProperties) = preSolution
		HideSolutionNode = FALSE
	EndGlobalSection
	GlobalSection(ExtensibilityGlobals) = postSolution
		SolutionGuid = {6B3E70D2-5EDB-48CD-891B-5FF3F500F88C}
	EndGlobalSection
EndGlobal
